<?xml version="1.0" encoding="utf-8"?>
<Project ToolsVersion="4.0" xmlns="http://schemas.microsoft.com/developer/msbuild/2003">
  <ItemGroup>
    <Filter Include="Source Files">
      <UniqueIdentifier>{4FC737F1-C7A5-4376-A066-2A32D752A2FF}</UniqueIdentifier>
      <Extensions>cpp;c;cc;cxx;def;odl;idl;hpj;bat;asm;asmx</Extensions>
    </Filter>
    <Filter Include="Header Files">
      <UniqueIdentifier>{93995380-89BD-4B04-88EB-625FBE52EBFB}</UniqueIdentifier>
      <Extensions>h;hh;hpp;hxx;hm;inl;inc;ipp;xsd</Extensions>
    </Filter>
    <Filter Include="XAML Files">
      <UniqueIdentifier>{8D5A0A67-D84E-4A7F-A0AA-93E08A0B235A}</UniqueIdentifier>
      <Extensions>xaml</Extensions>
    </Filter>
  </ItemGroup>

  <ItemGroup>
    <ApplicationDefinition Include="..\App.xaml">
      <Filter>XAML Files</Filter>
    </ApplicationDefinition>
    <Page Include="..\MainWindow.xaml">
      <Filter>XAML Files</Filter>
    </Page>
    <Page Include="..\ControllerDashboard.xaml">
      <Filter>XAML Files</Filter>
    </Page>
  </ItemGroup>

  <ItemGroup>
    <ClInclude Include="..\App.xaml.h">
      <Filter>Header Files</Filter>
    </ClInclude>
    <ClInclude Include="..\ControllerDashboard.xaml.h">
      <Filter>Header Files</Filter>
    </ClInclude>
    <ClInclude Include="..\MainWindow.xaml.h">
      <Filter>Header Files</Filter>
    </ClInclude>
    <ClInclude Include="..\PipeClient.h">
      <Filter>Header Files</Filter>
    </ClInclude>
    <ClInclude Include="..\service_process.h">
      <Filter>Header Files</Filter>
    </ClInclude>
    <ClInclude Include="..\ui_formatting.h">
      <Filter>Header Files</Filter>
    </ClInclude>
  </ItemGroup>

  <ItemGroup>
    <ClCompile Include="main.cpp">
      <Filter>Source Files</Filter>
    </ClCompile>
    <ClCompile Include="..\App.xaml.cpp">
      <Filter>Source Files</Filter>
    </ClCompile>
    <ClCompile Include="..\ControllerDashboard.xaml.cpp">
      <Filter>Source Files</Filter>
    </ClCompile>
    <ClCompile Include="..\MainWindow.xaml.cpp">
      <Filter>Source Files</Filter>
    </ClCompile>
    <ClCompile Include="..\PipeClient.cpp">
      <Filter>Source Files</Filter>
    </ClCompile>
    <ClCompile Include="..\service_process.cpp">
      <Filter>Source Files</Filter>
    </ClCompile>
    <ClCompile Include="..\ui_formatting.cpp">
      <Filter>Source Files</Filter>
    </ClCompile>
  </ItemGroup>
</Project>
